// !$*UTF8*$!
{
	archiveVersion = 1;
	classes = {
	};
	objectVersion = 56;
	objects = {

/* Begin PBXBuildFile section */
		C122E7552B5513ED0025A616 /* AppDelegate.swift in Sources */ = {isa = PBXBuildFile; fileRef = C122E7542B5513ED0025A616 /* AppDelegate.swift */; };
		C122E7572B5513ED0025A616 /* SceneDelegate.swift in Sources */ = {isa = PBXBuildFile; fileRef = C122E7562B5513ED0025A616 /* SceneDelegate.swift */; };
		C122E75F2B5513ED0025A616 /* GitHubFollowers.xcdatamodeld in Sources */ = {isa = PBXBuildFile; fileRef = C122E75D2B5513ED0025A616 /* GitHubFollowers.xcdatamodeld */; };
		C122E7612B5513EF0025A616 /* Assets.xcassets in Resources */ = {isa = PBXBuildFile; fileRef = C122E7602B5513EF0025A616 /* Assets.xcassets */; };
		C122E7642B5513EF0025A616 /* LaunchScreen.storyboard in Resources */ = {isa = PBXBuildFile; fileRef = C122E7622B5513EF0025A616 /* LaunchScreen.storyboard */; };
		C18905512B56634200C972F6 /* NetworkManager.swift in Sources */ = {isa = PBXBuildFile; fileRef = C18905502B56634200C972F6 /* NetworkManager.swift */; };
		C18905542B568C0200C972F6 /* ErrorMessage.swift in Sources */ = {isa = PBXBuildFile; fileRef = C18905532B568C0200C972F6 /* ErrorMessage.swift */; };
		C18905572B56ADAF00C972F6 /* FollowerCell.swift in Sources */ = {isa = PBXBuildFile; fileRef = C18905562B56ADAF00C972F6 /* FollowerCell.swift */; };
		C18905592B56AE2E00C972F6 /* GFAvatarImageView.swift in Sources */ = {isa = PBXBuildFile; fileRef = C18905582B56AE2E00C972F6 /* GFAvatarImageView.swift */; };
		C196A4DF2B551D3A00E50CD5 /* SearchViewController.swift in Sources */ = {isa = PBXBuildFile; fileRef = C196A4DE2B551D3A00E50CD5 /* SearchViewController.swift */; };
		C196A4E12B551D6300E50CD5 /* FavoritesListViewController.swift in Sources */ = {isa = PBXBuildFile; fileRef = C196A4E02B551D6300E50CD5 /* FavoritesListViewController.swift */; };
		C196A4E32B5525B700E50CD5 /* GFButton.swift in Sources */ = {isa = PBXBuildFile; fileRef = C196A4E22B5525B700E50CD5 /* GFButton.swift */; };
		C196A4E52B552CA500E50CD5 /* GFTextField.swift in Sources */ = {isa = PBXBuildFile; fileRef = C196A4E42B552CA500E50CD5 /* GFTextField.swift */; };
		C196A4E72B55610C00E50CD5 /* FollowerListViewController.swift in Sources */ = {isa = PBXBuildFile; fileRef = C196A4E62B55610C00E50CD5 /* FollowerListViewController.swift */; };
		C196A4E92B556D2300E50CD5 /* GFTitleLabel.swift in Sources */ = {isa = PBXBuildFile; fileRef = C196A4E82B556D2300E50CD5 /* GFTitleLabel.swift */; };
		C196A4EB2B556EAB00E50CD5 /* GFBodyLabel.swift in Sources */ = {isa = PBXBuildFile; fileRef = C196A4EA2B556EAB00E50CD5 /* GFBodyLabel.swift */; };
		C196A4ED2B556F6500E50CD5 /* GFAlertViewController.swift in Sources */ = {isa = PBXBuildFile; fileRef = C196A4EC2B556F6500E50CD5 /* GFAlertViewController.swift */; };
		C196A4EF2B5577FB00E50CD5 /* UIViewController+Extension.swift in Sources */ = {isa = PBXBuildFile; fileRef = C196A4EE2B5577FB00E50CD5 /* UIViewController+Extension.swift */; };
		C196A4F62B55842D00E50CD5 /* Follower.swift in Sources */ = {isa = PBXBuildFile; fileRef = C196A4F52B55842D00E50CD5 /* Follower.swift */; };
		C196A4F82B5584E900E50CD5 /* User.swift in Sources */ = {isa = PBXBuildFile; fileRef = C196A4F72B5584E900E50CD5 /* User.swift */; };
		C1E89D542B57C5B4006E5FEC /* UIHelper.swift in Sources */ = {isa = PBXBuildFile; fileRef = C1E89D532B57C5B4006E5FEC /* UIHelper.swift */; };
		C1E89D5C2B57F706006E5FEC /* GFEmptyStateView.swift in Sources */ = {isa = PBXBuildFile; fileRef = C1E89D5B2B57F706006E5FEC /* GFEmptyStateView.swift */; };
/* End PBXBuildFile section */

/* Begin PBXFileReference section */
		C122E7512B5513ED0025A616 /* GitHubFollowers.app */ = {isa = PBXFileReference; explicitFileType = wrapper.application; includeInIndex = 0; path = GitHubFollowers.app; sourceTree = BUILT_PRODUCTS_DIR; };
		C122E7542B5513ED0025A616 /* AppDelegate.swift */ = {isa = PBXFileReference; lastKnownFileType = sourcecode.swift; path = AppDelegate.swift; sourceTree = "<group>"; };
		C122E7562B5513ED0025A616 /* SceneDelegate.swift */ = {isa = PBXFileReference; lastKnownFileType = sourcecode.swift; path = SceneDelegate.swift; sourceTree = "<group>"; };
		C122E75E2B5513ED0025A616 /* GitHubFollowers.xcdatamodel */ = {isa = PBXFileReference; lastKnownFileType = wrapper.xcdatamodel; path = GitHubFollowers.xcdatamodel; sourceTree = "<group>"; };
		C122E7602B5513EF0025A616 /* Assets.xcassets */ = {isa = PBXFileReference; lastKnownFileType = folder.assetcatalog; path = Assets.xcassets; sourceTree = "<group>"; };
		C122E7632B5513EF0025A616 /* Base */ = {isa = PBXFileReference; lastKnownFileType = file.storyboard; name = Base; path = Base.lproj/LaunchScreen.storyboard; sourceTree = "<group>"; };
		C122E7652B5513EF0025A616 /* Info.plist */ = {isa = PBXFileReference; lastKnownFileType = text.plist.xml; path = Info.plist; sourceTree = "<group>"; };
		C18905502B56634200C972F6 /* NetworkManager.swift */ = {isa = PBXFileReference; lastKnownFileType = sourcecode.swift; path = NetworkManager.swift; sourceTree = "<group>"; };
		C18905532B568C0200C972F6 /* ErrorMessage.swift */ = {isa = PBXFileReference; lastKnownFileType = sourcecode.swift; path = ErrorMessage.swift; sourceTree = "<group>"; };
		C18905562B56ADAF00C972F6 /* FollowerCell.swift */ = {isa = PBXFileReference; lastKnownFileType = sourcecode.swift; path = FollowerCell.swift; sourceTree = "<group>"; };
		C18905582B56AE2E00C972F6 /* GFAvatarImageView.swift */ = {isa = PBXFileReference; lastKnownFileType = sourcecode.swift; path = GFAvatarImageView.swift; sourceTree = "<group>"; };
		C196A4DE2B551D3A00E50CD5 /* SearchViewController.swift */ = {isa = PBXFileReference; lastKnownFileType = sourcecode.swift; path = SearchViewController.swift; sourceTree = "<group>"; };
		C196A4E02B551D6300E50CD5 /* FavoritesListViewController.swift */ = {isa = PBXFileReference; lastKnownFileType = sourcecode.swift; path = FavoritesListViewController.swift; sourceTree = "<group>"; };
		C196A4E22B5525B700E50CD5 /* GFButton.swift */ = {isa = PBXFileReference; lastKnownFileType = sourcecode.swift; path = GFButton.swift; sourceTree = "<group>"; };
		C196A4E42B552CA500E50CD5 /* GFTextField.swift */ = {isa = PBXFileReference; lastKnownFileType = sourcecode.swift; path = GFTextField.swift; sourceTree = "<group>"; };
		C196A4E62B55610C00E50CD5 /* FollowerListViewController.swift */ = {isa = PBXFileReference; lastKnownFileType = sourcecode.swift; path = FollowerListViewController.swift; sourceTree = "<group>"; };
		C196A4E82B556D2300E50CD5 /* GFTitleLabel.swift */ = {isa = PBXFileReference; lastKnownFileType = sourcecode.swift; path = GFTitleLabel.swift; sourceTree = "<group>"; };
		C196A4EA2B556EAB00E50CD5 /* GFBodyLabel.swift */ = {isa = PBXFileReference; lastKnownFileType = sourcecode.swift; path = GFBodyLabel.swift; sourceTree = "<group>"; };
		C196A4EC2B556F6500E50CD5 /* GFAlertViewController.swift */ = {isa = PBXFileReference; lastKnownFileType = sourcecode.swift; path = GFAlertViewController.swift; sourceTree = "<group>"; };
		C196A4EE2B5577FB00E50CD5 /* UIViewController+Extension.swift */ = {isa = PBXFileReference; lastKnownFileType = sourcecode.swift; path = "UIViewController+Extension.swift"; sourceTree = "<group>"; };
		C196A4F52B55842D00E50CD5 /* Follower.swift */ = {isa = PBXFileReference; lastKnownFileType = sourcecode.swift; path = Follower.swift; sourceTree = "<group>"; };
		C196A4F72B5584E900E50CD5 /* User.swift */ = {isa = PBXFileReference; lastKnownFileType = sourcecode.swift; path = User.swift; sourceTree = "<group>"; };
		C1E89D532B57C5B4006E5FEC /* UIHelper.swift */ = {isa = PBXFileReference; lastKnownFileType = sourcecode.swift; path = UIHelper.swift; sourceTree = "<group>"; };
		C1E89D5B2B57F706006E5FEC /* GFEmptyStateView.swift */ = {isa = PBXFileReference; lastKnownFileType = sourcecode.swift; path = GFEmptyStateView.swift; sourceTree = "<group>"; };
/* End PBXFileReference section */

/* Begin PBXFrameworksBuildPhase section */
		C122E74E2B5513ED0025A616 /* Frameworks */ = {
			isa = PBXFrameworksBuildPhase;
			buildActionMask = 2147483647;
			files = (
			);
			runOnlyForDeploymentPostprocessing = 0;
		};
/* End PBXFrameworksBuildPhase section */

/* Begin PBXGroup section */
		C122E7482B5513ED0025A616 = {
			isa = PBXGroup;
			children = (
				C122E7532B5513ED0025A616 /* GitHubFollowers */,
				C122E7522B5513ED0025A616 /* Products */,
			);
			sourceTree = "<group>";
		};
		C122E7522B5513ED0025A616 /* Products */ = {
			isa = PBXGroup;
			children = (
				C122E7512B5513ED0025A616 /* GitHubFollowers.app */,
			);
			name = Products;
			sourceTree = "<group>";
		};
		C122E7532B5513ED0025A616 /* GitHubFollowers */ = {
			isa = PBXGroup;
			children = (
				C18905522B568BF200C972F6 /* Utilities */,
				C189054F2B56632700C972F6 /* Managers */,
				C196A4F22B557E5200E50CD5 /* Extensions */,
				C196A4F12B557E2100E50CD5 /* Custom Views */,
				C196A4F02B557DE900E50CD5 /* Screens */,
				C196A4F32B557F2200E50CD5 /* Support */,
				C196A4F42B5583ED00E50CD5 /* Model */,
				C122E7652B5513EF0025A616 /* Info.plist */,
			);
			path = GitHubFollowers;
			sourceTree = "<group>";
		};
		C189054F2B56632700C972F6 /* Managers */ = {
			isa = PBXGroup;
			children = (
				C18905502B56634200C972F6 /* NetworkManager.swift */,
			);
			path = Managers;
			sourceTree = "<group>";
		};
		C18905522B568BF200C972F6 /* Utilities */ = {
			isa = PBXGroup;
			children = (
				C18905532B568C0200C972F6 /* ErrorMessage.swift */,
				C1E89D532B57C5B4006E5FEC /* UIHelper.swift */,
			);
			path = Utilities;
			sourceTree = "<group>";
		};
		C18905552B56AD8B00C972F6 /* Cells */ = {
			isa = PBXGroup;
			children = (
				C18905562B56ADAF00C972F6 /* FollowerCell.swift */,
			);
			path = Cells;
			sourceTree = "<group>";
		};
		C196A4F02B557DE900E50CD5 /* Screens */ = {
			isa = PBXGroup;
			children = (
				C196A4E02B551D6300E50CD5 /* FavoritesListViewController.swift */,
				C196A4E62B55610C00E50CD5 /* FollowerListViewController.swift */,
				C196A4DE2B551D3A00E50CD5 /* SearchViewController.swift */,
			);
			path = Screens;
			sourceTree = "<group>";
		};
		C196A4F12B557E2100E50CD5 /* Custom Views */ = {
			isa = PBXGroup;
			children = (
				C1E89D592B57F495006E5FEC /* View Controllers */,
				C1E89D582B57F48C006E5FEC /* Image Views */,
				C1E89D572B57F485006E5FEC /* Text Fields */,
				C1E89D562B57F480006E5FEC /* Buttons */,
				C1E89D552B57F476006E5FEC /* Views */,
				C18905552B56AD8B00C972F6 /* Cells */,
				C1E89D5A2B57F4A5006E5FEC /* Labels */,
			);
			path = "Custom Views";
			sourceTree = "<group>";
		};
		C196A4F22B557E5200E50CD5 /* Extensions */ = {
			isa = PBXGroup;
			children = (
				C196A4EE2B5577FB00E50CD5 /* UIViewController+Extension.swift */,
			);
			path = Extensions;
			sourceTree = "<group>";
		};
		C196A4F32B557F2200E50CD5 /* Support */ = {
			isa = PBXGroup;
			children = (
				C122E7542B5513ED0025A616 /* AppDelegate.swift */,
				C122E7602B5513EF0025A616 /* Assets.xcassets */,
				C122E75D2B5513ED0025A616 /* GitHubFollowers.xcdatamodeld */,
				C122E7622B5513EF0025A616 /* LaunchScreen.storyboard */,
				C122E7562B5513ED0025A616 /* SceneDelegate.swift */,
			);
			path = Support;
			sourceTree = "<group>";
		};
		C196A4F42B5583ED00E50CD5 /* Model */ = {
			isa = PBXGroup;
			children = (
				C196A4F52B55842D00E50CD5 /* Follower.swift */,
				C196A4F72B5584E900E50CD5 /* User.swift */,
			);
			path = Model;
			sourceTree = "<group>";
		};
		C1E89D552B57F476006E5FEC /* Views */ = {
			isa = PBXGroup;
			children = (
				C1E89D5B2B57F706006E5FEC /* GFEmptyStateView.swift */,
			);
			path = Views;
			sourceTree = "<group>";
		};
		C1E89D562B57F480006E5FEC /* Buttons */ = {
			isa = PBXGroup;
			children = (
				C196A4E22B5525B700E50CD5 /* GFButton.swift */,
			);
			path = Buttons;
			sourceTree = "<group>";
		};
		C1E89D572B57F485006E5FEC /* Text Fields */ = {
			isa = PBXGroup;
			children = (
				C196A4E42B552CA500E50CD5 /* GFTextField.swift */,
			);
			path = "Text Fields";
			sourceTree = "<group>";
		};
		C1E89D582B57F48C006E5FEC /* Image Views */ = {
			isa = PBXGroup;
			children = (
				C18905582B56AE2E00C972F6 /* GFAvatarImageView.swift */,
			);
			path = "Image Views";
			sourceTree = "<group>";
		};
		C1E89D592B57F495006E5FEC /* View Controllers */ = {
			isa = PBXGroup;
			children = (
				C196A4EC2B556F6500E50CD5 /* GFAlertViewController.swift */,
			);
			path = "View Controllers";
			sourceTree = "<group>";
		};
		C1E89D5A2B57F4A5006E5FEC /* Labels */ = {
			isa = PBXGroup;
			children = (
				C196A4EA2B556EAB00E50CD5 /* GFBodyLabel.swift */,
				C196A4E82B556D2300E50CD5 /* GFTitleLabel.swift */,
			);
			path = Labels;
			sourceTree = "<group>";
		};
/* End PBXGroup section */

/* Begin PBXNativeTarget section */
		C122E7502B5513ED0025A616 /* GitHubFollowers */ = {
			isa = PBXNativeTarget;
			buildConfigurationList = C122E7682B5513EF0025A616 /* Build configuration list for PBXNativeTarget "GitHubFollowers" */;
			buildPhases = (
				C122E74D2B5513ED0025A616 /* Sources */,
				C122E74E2B5513ED0025A616 /* Frameworks */,
				C122E74F2B5513ED0025A616 /* Resources */,
			);
			buildRules = (
			);
			dependencies = (
			);
			name = GitHubFollowers;
			productName = GitHubFollowers;
			productReference = C122E7512B5513ED0025A616 /* GitHubFollowers.app */;
			productType = "com.apple.product-type.application";
		};
/* End PBXNativeTarget section */

/* Begin PBXProject section */
		C122E7492B5513ED0025A616 /* Project object */ = {
			isa = PBXProject;
			attributes = {
				BuildIndependentTargetsInParallel = 1;
				LastSwiftUpdateCheck = 1520;
				LastUpgradeCheck = 1520;
				TargetAttributes = {
					C122E7502B5513ED0025A616 = {
						CreatedOnToolsVersion = 15.2;
					};
				};
			};
			buildConfigurationList = C122E74C2B5513ED0025A616 /* Build configuration list for PBXProject "GitHubFollowers" */;
			compatibilityVersion = "Xcode 14.0";
			developmentRegion = en;
			hasScannedForEncodings = 0;
			knownRegions = (
				en,
				Base,
			);
			mainGroup = C122E7482B5513ED0025A616;
			productRefGroup = C122E7522B5513ED0025A616 /* Products */;
			projectDirPath = "";
			projectRoot = "";
			targets = (
				C122E7502B5513ED0025A616 /* GitHubFollowers */,
			);
		};
/* End PBXProject section */

/* Begin PBXResourcesBuildPhase section */
		C122E74F2B5513ED0025A616 /* Resources */ = {
			isa = PBXResourcesBuildPhase;
			buildActionMask = 2147483647;
			files = (
				C122E7642B5513EF0025A616 /* LaunchScreen.storyboard in Resources */,
				C122E7612B5513EF0025A616 /* Assets.xcassets in Resources */,
			);
			runOnlyForDeploymentPostprocessing = 0;
		};
/* End PBXResourcesBuildPhase section */

/* Begin PBXSourcesBuildPhase section */
		C122E74D2B5513ED0025A616 /* Sources */ = {
			isa = PBXSourcesBuildPhase;
			buildActionMask = 2147483647;
			files = (
				C196A4EF2B5577FB00E50CD5 /* UIViewController+Extension.swift in Sources */,
				C196A4E72B55610C00E50CD5 /* FollowerListViewController.swift in Sources */,
				C196A4E12B551D6300E50CD5 /* FavoritesListViewController.swift in Sources */,
				C122E75F2B5513ED0025A616 /* GitHubFollowers.xcdatamodeld in Sources */,
				C196A4E32B5525B700E50CD5 /* GFButton.swift in Sources */,
				C1E89D5C2B57F706006E5FEC /* GFEmptyStateView.swift in Sources */,
				C122E7552B5513ED0025A616 /* AppDelegate.swift in Sources */,
				C196A4F82B5584E900E50CD5 /* User.swift in Sources */,
				C18905572B56ADAF00C972F6 /* FollowerCell.swift in Sources */,
				C18905592B56AE2E00C972F6 /* GFAvatarImageView.swift in Sources */,
				C196A4ED2B556F6500E50CD5 /* GFAlertViewController.swift in Sources */,
				C196A4F62B55842D00E50CD5 /* Follower.swift in Sources */,
				C196A4DF2B551D3A00E50CD5 /* SearchViewController.swift in Sources */,
				C196A4E92B556D2300E50CD5 /* GFTitleLabel.swift in Sources */,
				C122E7572B5513ED0025A616 /* SceneDelegate.swift in Sources */,
				C18905542B568C0200C972F6 /* ErrorMessage.swift in Sources */,
				C1E89D542B57C5B4006E5FEC /* UIHelper.swift in Sources */,
				C18905512B56634200C972F6 /* NetworkManager.swift in Sources */,
				C196A4E52B552CA500E50CD5 /* GFTextField.swift in Sources */,
				C196A4EB2B556EAB00E50CD5 /* GFBodyLabel.swift in Sources */,
			);
			runOnlyForDeploymentPostprocessing = 0;
		};
/* End PBXSourcesBuildPhase section */

/* Begin PBXVariantGroup section */
		C122E7622B5513EF0025A616 /* LaunchScreen.storyboard */ = {
			isa = PBXVariantGroup;
			children = (
				C122E7632B5513EF0025A616 /* Base */,
			);
			name = LaunchScreen.storyboard;
			sourceTree = "<group>";
		};
/* End PBXVariantGroup section */

/* Begin XCBuildConfiguration section */
		C122E7662B5513EF0025A616 /* Debug */ = {
			isa = XCBuildConfiguration;
			buildSettings = {
				ALWAYS_SEARCH_USER_PATHS = NO;
				ASSETCATALOG_COMPILER_GENERATE_SWIFT_ASSET_SYMBOL_EXTENSIONS = YES;
				CLANG_ANALYZER_NONNULL = YES;
				CLANG_ANALYZER_NUMBER_OBJECT_CONVERSION = YES_AGGRESSIVE;
				CLANG_CXX_LANGUAGE_STANDARD = "gnu++20";
				CLANG_ENABLE_MODULES = YES;
				CLANG_ENABLE_OBJC_ARC = YES;
				CLANG_ENABLE_OBJC_WEAK = YES;
				CLANG_WARN_BLOCK_CAPTURE_AUTORELEASING = YES;
				CLANG_WARN_BOOL_CONVERSION = YES;
				CLANG_WARN_COMMA = YES;
				CLANG_WARN_CONSTANT_CONVERSION = YES;
				CLANG_WARN_DEPRECATED_OBJC_IMPLEMENTATIONS = YES;
				CLANG_WARN_DIRECT_OBJC_ISA_USAGE = YES_ERROR;
				CLANG_WARN_DOCUMENTATION_COMMENTS = YES;
				CLANG_WARN_EMPTY_BODY = YES;
				CLANG_WARN_ENUM_CONVERSION = YES;
				CLANG_WARN_INFINITE_RECURSION = YES;
				CLANG_WARN_INT_CONVERSION = YES;
				CLANG_WARN_NON_LITERAL_NULL_CONVERSION = YES;
				CLANG_WARN_OBJC_IMPLICIT_RETAIN_SELF = YES;
				CLANG_WARN_OBJC_LITERAL_CONVERSION = YES;
				CLANG_WARN_OBJC_ROOT_CLASS = YES_ERROR;
				CLANG_WARN_QUOTED_INCLUDE_IN_FRAMEWORK_HEADER = YES;
				CLANG_WARN_RANGE_LOOP_ANALYSIS = YES;
				CLANG_WARN_STRICT_PROTOTYPES = YES;
				CLANG_WARN_SUSPICIOUS_MOVE = YES;
				CLANG_WARN_UNGUARDED_AVAILABILITY = YES_AGGRESSIVE;
				CLANG_WARN_UNREACHABLE_CODE = YES;
				CLANG_WARN__DUPLICATE_METHOD_MATCH = YES;
				COPY_PHASE_STRIP = NO;
				DEBUG_INFORMATION_FORMAT = dwarf;
				ENABLE_STRICT_OBJC_MSGSEND = YES;
				ENABLE_TESTABILITY = YES;
				ENABLE_USER_SCRIPT_SANDBOXING = YES;
				GCC_C_LANGUAGE_STANDARD = gnu17;
				GCC_DYNAMIC_NO_PIC = NO;
				GCC_NO_COMMON_BLOCKS = YES;
				GCC_OPTIMIZATION_LEVEL = 0;
				GCC_PREPROCESSOR_DEFINITIONS = (
					"DEBUG=1",
					"$(inherited)",
				);
				GCC_WARN_64_TO_32_BIT_CONVERSION = YES;
				GCC_WARN_ABOUT_RETURN_TYPE = YES_ERROR;
				GCC_WARN_UNDECLARED_SELECTOR = YES;
				GCC_WARN_UNINITIALIZED_AUTOS = YES_AGGRESSIVE;
				GCC_WARN_UNUSED_FUNCTION = YES;
				GCC_WARN_UNUSED_VARIABLE = YES;
				IPHONEOS_DEPLOYMENT_TARGET = 17.2;
				LOCALIZATION_PREFERS_STRING_CATALOGS = YES;
				MTL_ENABLE_DEBUG_INFO = INCLUDE_SOURCE;
				MTL_FAST_MATH = YES;
				ONLY_ACTIVE_ARCH = YES;
				SDKROOT = iphoneos;
				SWIFT_ACTIVE_COMPILATION_CONDITIONS = "DEBUG $(inherited)";
				SWIFT_OPTIMIZATION_LEVEL = "-Onone";
			};
			name = Debug;
		};
		C122E7672B5513EF0025A616 /* Release */ = {
			isa = XCBuildConfiguration;
			buildSettings = {
				ALWAYS_SEARCH_USER_PATHS = NO;
				ASSETCATALOG_COMPILER_GENERATE_SWIFT_ASSET_SYMBOL_EXTENSIONS = YES;
				CLANG_ANALYZER_NONNULL = YES;
				CLANG_ANALYZER_NUMBER_OBJECT_CONVERSION = YES_AGGRESSIVE;
				CLANG_CXX_LANGUAGE_STANDARD = "gnu++20";
				CLANG_ENABLE_MODULES = YES;
				CLANG_ENABLE_OBJC_ARC = YES;
				CLANG_ENABLE_OBJC_WEAK = YES;
				CLANG_WARN_BLOCK_CAPTURE_AUTORELEASING = YES;
				CLANG_WARN_BOOL_CONVERSION = YES;
				CLANG_WARN_COMMA = YES;
				CLANG_WARN_CONSTANT_CONVERSION = YES;
				CLANG_WARN_DEPRECATED_OBJC_IMPLEMENTATIONS = YES;
				CLANG_WARN_DIRECT_OBJC_ISA_USAGE = YES_ERROR;
				CLANG_WARN_DOCUMENTATION_COMMENTS = YES;
				CLANG_WARN_EMPTY_BODY = YES;
				CLANG_WARN_ENUM_CONVERSION = YES;
				CLANG_WARN_INFINITE_RECURSION = YES;
				CLANG_WARN_INT_CONVERSION = YES;
				CLANG_WARN_NON_LITERAL_NULL_CONVERSION = YES;
				CLANG_WARN_OBJC_IMPLICIT_RETAIN_SELF = YES;
				CLANG_WARN_OBJC_LITERAL_CONVERSION = YES;
				CLANG_WARN_OBJC_ROOT_CLASS = YES_ERROR;
				CLANG_WARN_QUOTED_INCLUDE_IN_FRAMEWORK_HEADER = YES;
				CLANG_WARN_RANGE_LOOP_ANALYSIS = YES;
				CLANG_WARN_STRICT_PROTOTYPES = YES;
				CLANG_WARN_SUSPICIOUS_MOVE = YES;
				CLANG_WARN_UNGUARDED_AVAILABILITY = YES_AGGRESSIVE;
				CLANG_WARN_UNREACHABLE_CODE = YES;
				CLANG_WARN__DUPLICATE_METHOD_MATCH = YES;
				COPY_PHASE_STRIP = NO;
				DEBUG_INFORMATION_FORMAT = "dwarf-with-dsym";
				ENABLE_NS_ASSERTIONS = NO;
				ENABLE_STRICT_OBJC_MSGSEND = YES;
				ENABLE_USER_SCRIPT_SANDBOXING = YES;
				GCC_C_LANGUAGE_STANDARD = gnu17;
				GCC_NO_COMMON_BLOCKS = YES;
				GCC_WARN_64_TO_32_BIT_CONVERSION = YES;
				GCC_WARN_ABOUT_RETURN_TYPE = YES_ERROR;
				GCC_WARN_UNDECLARED_SELECTOR = YES;
				GCC_WARN_UNINITIALIZED_AUTOS = YES_AGGRESSIVE;
				GCC_WARN_UNUSED_FUNCTION = YES;
				GCC_WARN_UNUSED_VARIABLE = YES;
				IPHONEOS_DEPLOYMENT_TARGET = 17.2;
				LOCALIZATION_PREFERS_STRING_CATALOGS = YES;
				MTL_ENABLE_DEBUG_INFO = NO;
				MTL_FAST_MATH = YES;
				SDKROOT = iphoneos;
				SWIFT_COMPILATION_MODE = wholemodule;
				VALIDATE_PRODUCT = YES;
			};
			name = Release;
		};
		C122E7692B5513EF0025A616 /* Debug */ = {
			isa = XCBuildConfiguration;
			buildSettings = {
				ASSETCATALOG_COMPILER_APPICON_NAME = AppIcon;
				ASSETCATALOG_COMPILER_GLOBAL_ACCENT_COLOR_NAME = AccentColor;
				CODE_SIGN_STYLE = Automatic;
				CURRENT_PROJECT_VERSION = 1;
				DEVELOPMENT_TEAM = M6RSUA6A9T;
				GENERATE_INFOPLIST_FILE = YES;
				INFOPLIST_FILE = GitHubFollowers/Info.plist;
				INFOPLIST_KEY_UIApplicationSupportsIndirectInputEvents = YES;
				INFOPLIST_KEY_UILaunchStoryboardName = LaunchScreen;
				INFOPLIST_KEY_UISupportedInterfaceOrientations = UIInterfaceOrientationPortrait;
				INFOPLIST_KEY_UISupportedInterfaceOrientations_iPad = "UIInterfaceOrientationLandscapeLeft UIInterfaceOrientationLandscapeRight UIInterfaceOrientationPortrait UIInterfaceOrientationPortraitUpsideDown";
				IPHONEOS_DEPLOYMENT_TARGET = 14.0;
				LD_RUNPATH_SEARCH_PATHS = (
					"$(inherited)",
					"@executable_path/Frameworks",
				);
				MARKETING_VERSION = 1.0;
				PRODUCT_BUNDLE_IDENTIFIER = me.gurbanova.julia.GitHubFollowers;
				PRODUCT_NAME = "$(TARGET_NAME)";
				SUPPORTED_PLATFORMS = "iphoneos iphonesimulator";
				SUPPORTS_MACCATALYST = NO;
				SUPPORTS_MAC_DESIGNED_FOR_IPHONE_IPAD = NO;
				SUPPORTS_XR_DESIGNED_FOR_IPHONE_IPAD = NO;
				SWIFT_EMIT_LOC_STRINGS = YES;
				SWIFT_VERSION = 5.0;
				TARGETED_DEVICE_FAMILY = 1;
			};
			name = Debug;
		};
		C122E76A2B5513EF0025A616 /* Release */ = {
			isa = XCBuildConfiguration;
			buildSettings = {
				ASSETCATALOG_COMPILER_APPICON_NAME = AppIcon;
				ASSETCATALOG_COMPILER_GLOBAL_ACCENT_COLOR_NAME = AccentColor;
				CODE_SIGN_STYLE = Automatic;
				CURRENT_PROJECT_VERSION = 1;
				DEVELOPMENT_TEAM = M6RSUA6A9T;
				GENERATE_INFOPLIST_FILE = YES;
				INFOPLIST_FILE = GitHubFollowers/Info.plist;
				INFOPLIST_KEY_UIApplicationSupportsIndirectInputEvents = YES;
				INFOPLIST_KEY_UILaunchStoryboardName = LaunchScreen;
				INFOPLIST_KEY_UISupportedInterfaceOrientations = UIInterfaceOrientationPortrait;
				INFOPLIST_KEY_UISupportedInterfaceOrientations_iPad = "UIInterfaceOrientationLandscapeLeft UIInterfaceOrientationLandscapeRight UIInterfaceOrientationPortrait UIInterfaceOrientationPortraitUpsideDown";
				IPHONEOS_DEPLOYMENT_TARGET = 14.0;
				LD_RUNPATH_SEARCH_PATHS = (
					"$(inherited)",
					"@executable_path/Frameworks",
				);
				MARKETING_VERSION = 1.0;
				PRODUCT_BUNDLE_IDENTIFIER = me.gurbanova.julia.GitHubFollowers;
				PRODUCT_NAME = "$(TARGET_NAME)";
				SUPPORTED_PLATFORMS = "iphoneos iphonesimulator";
				SUPPORTS_MACCATALYST = NO;
				SUPPORTS_MAC_DESIGNED_FOR_IPHONE_IPAD = NO;
				SUPPORTS_XR_DESIGNED_FOR_IPHONE_IPAD = NO;
				SWIFT_EMIT_LOC_STRINGS = YES;
				SWIFT_VERSION = 5.0;
				TARGETED_DEVICE_FAMILY = 1;
			};
			name = Release;
		};
/* End XCBuildConfiguration section */

/* Begin XCConfigurationList section */
		C122E74C2B5513ED0025A616 /* Build configuration list for PBXProject "GitHubFollowers" */ = {
			isa = XCConfigurationList;
			buildConfigurations = (
				C122E7662B5513EF0025A616 /* Debug */,
				C122E7672B5513EF0025A616 /* Release */,
			);
			defaultConfigurationIsVisible = 0;
			defaultConfigurationName = Release;
		};
		C122E7682B5513EF0025A616 /* Build configuration list for PBXNativeTarget "GitHubFollowers" */ = {
			isa = XCConfigurationList;
			buildConfigurations = (
				C122E7692B5513EF0025A616 /* Debug */,
				C122E76A2B5513EF0025A616 /* Release */,
			);
			defaultConfigurationIsVisible = 0;
			defaultConfigurationName = Release;
		};
/* End XCConfigurationList section */

/* Begin XCVersionGroup section */
		C122E75D2B5513ED0025A616 /* GitHubFollowers.xcdatamodeld */ = {
			isa = XCVersionGroup;
			children = (
				C122E75E2B5513ED0025A616 /* GitHubFollowers.xcdatamodel */,
			);
			currentVersion = C122E75E2B5513ED0025A616 /* GitHubFollowers.xcdatamodel */;
			path = GitHubFollowers.xcdatamodeld;
			sourceTree = "<group>";
			versionGroupType = wrapper.xcdatamodel;
		};
/* End XCVersionGroup section */
	};
	rootObject = C122E7492B5513ED0025A616 /* Project object */;
}
